
Microsoft Visual Studio Solution File, Format Version 12.00
# Visual Studio Version 17
VisualStudioVersion = 17.10.34928.147
MinimumVisualStudioVersion = 10.0.40219.1
Project("{FAE04EC0-301F-11D3-BF4B-00C04F79EFBC}") = "AutoBaseSystem", "AutoBaseSystem\AutoBaseSystem.csproj", "{A523F9DB-7D2F-4A36-AC2E-CF0717BADB53}"
EndProject
Project("{FAE04EC0-301F-11D3-BF4B-00C04F79EFBC}") = "AutoBase.Domain", "AutoBase.Domain\AutoBase.Domain.csproj", "{6BF18531-AA92-46D6-B833-0D0BBFDB8C50}"
EndProject
Global
	GlobalSection(SolutionConfigurationPlatforms) = preSolution
		Debug|Any CPU = Debug|Any CPU
		Release|Any CPU = Release|Any CPU
	EndGlobalSection
	GlobalSection(ProjectConfigurationPlatforms) = postSolution
		{A523F9DB-7D2F-4A36-AC2E-CF0717BADB53}.Debug|Any CPU.ActiveCfg = Debug|Any CPU
		{A523F9DB-7D2F-4A36-AC2E-CF0717BADB53}.Debug|Any CPU.Build.0 = Debug|Any CPU
		{A523F9DB-7D2F-4A36-AC2E-CF0717BADB53}.Release|Any CPU.ActiveCfg = Release|Any CPU
		{A523F9DB-7D2F-4A36-AC2E-CF0717BADB53}.Release|Any CPU.Build.0 = Release|Any CPU
		{6BF18531-AA92-46D6-B833-0D0BBFDB8C50}.Debug|Any CPU.ActiveCfg = Debug|Any CPU
		{6BF18531-AA92-46D6-B833-0D0BBFDB8C50}.Debug|Any CPU.Build.0 = Debug|Any CPU
		{6BF18531-AA92-46D6-B833-0D0BBFDB8C50}.Release|Any CPU.ActiveCfg = Release|Any CPU
		{6BF18531-AA92-46D6-B833-0D0BBFDB8C50}.Release|Any CPU.Build.0 = Release|Any CPU
	EndGlobalSection
	GlobalSection(SolutionProperties) = preSolution
		HideSolutionNode = FALSE
	EndGlobalSection
	GlobalSection(ExtensibilityGlobals) = postSolution
		SolutionGuid = {C40D360E-68D6-4068-860A-4966C059B3BC}
	EndGlobalSection
EndGlobal
