Microsoft Visual Studio Solution File, Format Version 12.00
# Visual Studio Version 17
VisualStudioVersion = 17.5.2.0
MinimumVisualStudioVersion = 10.0.40219.1
Project("{FAE04EC0-301F-11D3-BF4B-00C04F79EFBC}") = "AutoBaseSystem", "AutoBaseSystem.csproj", "{B749F095-7F63-3388-8F9F-56ED4E4E0AC5}"
EndProject
Global
	GlobalSection(SolutionConfigurationPlatforms) = preSolution
		Debug|Any CPU = Debug|Any CPU
		Release|Any CPU = Release|Any CPU
	EndGlobalSection
	GlobalSection(ProjectConfigurationPlatforms) = postSolution
		{B749F095-7F63-3388-8F9F-56ED4E4E0AC5}.Debug|Any CPU.ActiveCfg = Debug|Any CPU
		{B749F095-7F63-3388-8F9F-56ED4E4E0AC5}.Debug|Any CPU.Build.0 = Debug|Any CPU
		{B749F095-7F63-3388-8F9F-56ED4E4E0AC5}.Release|Any CPU.ActiveCfg = Release|Any CPU
		{B749F095-7F63-3388-8F9F-56ED4E4E0AC5}.Release|Any CPU.Build.0 = Release|Any CPU
	EndGlobalSection
	GlobalSection(SolutionProperties) = preSolution
		HideSolutionNode = FALSE
	EndGlobalSection
	GlobalSection(ExtensibilityGlobals) = postSolution
		SolutionGuid = {B255A5E8-AB2F-4C2B-9E85-E47562535E7F}
	EndGlobalSection
EndGlobal
